# generated by rye
# use `rye lock` or `rye sync` to update this lockfile
#
# last locked with the following flags:
#   pre: false
#   features: []
#   all-features: false
#   with-sources: false
#   generate-hashes: false
#   universal: false

-e file:.
annotated-types==0.7.0
    # via pydantic
asgiref==3.8.1
    # via django
bigcommerce==0.23.4
    # via apps-service
certifi==2024.8.30
    # via requests
charset-normalizer==3.3.2
    # via requests
django==5.1.1
    # via apps-service
    # via django-ninja
django-ninja==1.3.0
    # via apps-service
idna==3.10
    # via requests
pyactiveresource==2.2.2
    # via shopifyapi
pydantic==2.9.2
    # via django-ninja
pydantic-core==2.23.4
    # via pydantic
pyjwt==2.9.0
    # via bigcommerce
    # via shopifyapi
pyyaml==6.0.2
    # via shopifyapi
requests==2.32.3
    # via bigcommerce
shopifyapi==12.6.0
    # via apps-service
six==1.16.0
    # via pyactiveresource
    # via shopifyapi
sqlparse==0.5.1
    # via django
typing-extensions==4.12.2
    # via pydantic
    # via pydantic-core
urllib3==2.2.3
    # via requests
